// !$*UTF8*$!
{
	archiveVersion = 1;
	classes = {
	};
	objectVersion = 56;
	objects = {

/* Begin PBXBuildFile section */
		555109392A926EA400972C1F /* TabBarController.swift in Sources */ = {isa = PBXBuildFile; fileRef = 555109382A926EA400972C1F /* TabBarController.swift */; };
		5551093E2A92705E00972C1F /* HomeViewController.swift in Sources */ = {isa = PBXBuildFile; fileRef = 5551093D2A92705E00972C1F /* HomeViewController.swift */; };
		555109402A92706700972C1F /* CartViewController.swift in Sources */ = {isa = PBXBuildFile; fileRef = 5551093F2A92706700972C1F /* CartViewController.swift */; };
		555109422A92707200972C1F /* ProfileViewController.swift in Sources */ = {isa = PBXBuildFile; fileRef = 555109412A92707200972C1F /* ProfileViewController.swift */; };
		555109442A92771600972C1F /* TabBarControllerBuilder.swift in Sources */ = {isa = PBXBuildFile; fileRef = 555109432A92771600972C1F /* TabBarControllerBuilder.swift */; };
		555109462A927FB900972C1F /* ProfileViewControllerBuilder.swift in Sources */ = {isa = PBXBuildFile; fileRef = 555109452A927FB900972C1F /* ProfileViewControllerBuilder.swift */; };
		555109482A927FE600972C1F /* CartViewControllerBuilder.swift in Sources */ = {isa = PBXBuildFile; fileRef = 555109472A927FE600972C1F /* CartViewControllerBuilder.swift */; };
		5551094A2A92800200972C1F /* HomeViewControllerBuilder.swift in Sources */ = {isa = PBXBuildFile; fileRef = 555109492A92800200972C1F /* HomeViewControllerBuilder.swift */; };
		5551094C2A9283D100972C1F /* HomeViewModel.swift in Sources */ = {isa = PBXBuildFile; fileRef = 5551094B2A9283D100972C1F /* HomeViewModel.swift */; };
		5551094E2A9283DA00972C1F /* HomeViewState.swift in Sources */ = {isa = PBXBuildFile; fileRef = 5551094D2A9283DA00972C1F /* HomeViewState.swift */; };
		555109502A92843B00972C1F /* HomeViewServiceable.swift in Sources */ = {isa = PBXBuildFile; fileRef = 5551094F2A92843B00972C1F /* HomeViewServiceable.swift */; };
		555109532A929A1C00972C1F /* PetsCollectionViewCell.swift in Sources */ = {isa = PBXBuildFile; fileRef = 555109522A929A1C00972C1F /* PetsCollectionViewCell.swift */; };
		555109562A929BB700972C1F /* SnapKit in Frameworks */ = {isa = PBXBuildFile; productRef = 555109552A929BB700972C1F /* SnapKit */; };
		555109582A92A04A00972C1F /* PetsCollectionViewCellItems.swift in Sources */ = {isa = PBXBuildFile; fileRef = 555109572A92A04A00972C1F /* PetsCollectionViewCellItems.swift */; };
		5551095B2A92A29200972C1F /* Kingfisher in Frameworks */ = {isa = PBXBuildFile; productRef = 5551095A2A92A29200972C1F /* Kingfisher */; };
		555109602A92B3D300972C1F /* UIView+Extension.swift in Sources */ = {isa = PBXBuildFile; fileRef = 5551095F2A92B3D300972C1F /* UIView+Extension.swift */; };
		55977B732A92154000F4A736 /* AppDelegate.swift in Sources */ = {isa = PBXBuildFile; fileRef = 55977B722A92154000F4A736 /* AppDelegate.swift */; };
		55977B752A92154000F4A736 /* SceneDelegate.swift in Sources */ = {isa = PBXBuildFile; fileRef = 55977B742A92154000F4A736 /* SceneDelegate.swift */; };
		55977B7C2A92154100F4A736 /* Assets.xcassets in Resources */ = {isa = PBXBuildFile; fileRef = 55977B7B2A92154100F4A736 /* Assets.xcassets */; };
		55977B7F2A92154100F4A736 /* LaunchScreen.storyboard in Resources */ = {isa = PBXBuildFile; fileRef = 55977B7D2A92154100F4A736 /* LaunchScreen.storyboard */; };
		55977B892A9215CD00F4A736 /* CoordinatorProtocol.swift in Sources */ = {isa = PBXBuildFile; fileRef = 55977B882A9215CD00F4A736 /* CoordinatorProtocol.swift */; };
		55977B8B2A9215DA00F4A736 /* Coordinator.swift in Sources */ = {isa = PBXBuildFile; fileRef = 55977B8A2A9215DA00F4A736 /* Coordinator.swift */; };
		55977B8F2A9216DE00F4A736 /* HttpClient.swift in Sources */ = {isa = PBXBuildFile; fileRef = 55977B8E2A9216DE00F4A736 /* HttpClient.swift */; };
		55977B912A9216F600F4A736 /* Endpoint.swift in Sources */ = {isa = PBXBuildFile; fileRef = 55977B902A9216F600F4A736 /* Endpoint.swift */; };
		55977B982A9217EC00F4A736 /* Alamofire in Frameworks */ = {isa = PBXBuildFile; productRef = 55977B972A9217EC00F4A736 /* Alamofire */; };
		55977BA82A92478D00F4A736 /* PetStatus.swift in Sources */ = {isa = PBXBuildFile; fileRef = 55977BA72A92478D00F4A736 /* PetStatus.swift */; };
		55977BAA2A9247AE00F4A736 /* PetModel.swift in Sources */ = {isa = PBXBuildFile; fileRef = 55977BA92A9247AE00F4A736 /* PetModel.swift */; };
		55977BAE2A92481000F4A736 /* GetPetEndPoints.swift in Sources */ = {isa = PBXBuildFile; fileRef = 55977BAD2A92481000F4A736 /* GetPetEndPoints.swift */; };
		55977BB22A924A9E00F4A736 /* BaseViewModel.swift in Sources */ = {isa = PBXBuildFile; fileRef = 55977BB12A924A9E00F4A736 /* BaseViewModel.swift */; };
		55977BB42A924AC300F4A736 /* BaseViewStates.swift in Sources */ = {isa = PBXBuildFile; fileRef = 55977BB32A924AC300F4A736 /* BaseViewStates.swift */; };
/* End PBXBuildFile section */

/* Begin PBXFileReference section */
		555109382A926EA400972C1F /* TabBarController.swift */ = {isa = PBXFileReference; lastKnownFileType = sourcecode.swift; path = TabBarController.swift; sourceTree = "<group>"; };
		5551093D2A92705E00972C1F /* HomeViewController.swift */ = {isa = PBXFileReference; lastKnownFileType = sourcecode.swift; path = HomeViewController.swift; sourceTree = "<group>"; };
		5551093F2A92706700972C1F /* CartViewController.swift */ = {isa = PBXFileReference; lastKnownFileType = sourcecode.swift; path = CartViewController.swift; sourceTree = "<group>"; };
		555109412A92707200972C1F /* ProfileViewController.swift */ = {isa = PBXFileReference; lastKnownFileType = sourcecode.swift; path = ProfileViewController.swift; sourceTree = "<group>"; };
		555109432A92771600972C1F /* TabBarControllerBuilder.swift */ = {isa = PBXFileReference; lastKnownFileType = sourcecode.swift; path = TabBarControllerBuilder.swift; sourceTree = "<group>"; };
		555109452A927FB900972C1F /* ProfileViewControllerBuilder.swift */ = {isa = PBXFileReference; lastKnownFileType = sourcecode.swift; path = ProfileViewControllerBuilder.swift; sourceTree = "<group>"; };
		555109472A927FE600972C1F /* CartViewControllerBuilder.swift */ = {isa = PBXFileReference; lastKnownFileType = sourcecode.swift; path = CartViewControllerBuilder.swift; sourceTree = "<group>"; };
		555109492A92800200972C1F /* HomeViewControllerBuilder.swift */ = {isa = PBXFileReference; lastKnownFileType = sourcecode.swift; path = HomeViewControllerBuilder.swift; sourceTree = "<group>"; };
		5551094B2A9283D100972C1F /* HomeViewModel.swift */ = {isa = PBXFileReference; lastKnownFileType = sourcecode.swift; path = HomeViewModel.swift; sourceTree = "<group>"; };
		5551094D2A9283DA00972C1F /* HomeViewState.swift */ = {isa = PBXFileReference; lastKnownFileType = sourcecode.swift; path = HomeViewState.swift; sourceTree = "<group>"; };
		5551094F2A92843B00972C1F /* HomeViewServiceable.swift */ = {isa = PBXFileReference; lastKnownFileType = sourcecode.swift; path = HomeViewServiceable.swift; sourceTree = "<group>"; };
		555109522A929A1C00972C1F /* PetsCollectionViewCell.swift */ = {isa = PBXFileReference; lastKnownFileType = sourcecode.swift; path = PetsCollectionViewCell.swift; sourceTree = "<group>"; };
		555109572A92A04A00972C1F /* PetsCollectionViewCellItems.swift */ = {isa = PBXFileReference; lastKnownFileType = sourcecode.swift; path = PetsCollectionViewCellItems.swift; sourceTree = "<group>"; };
		5551095F2A92B3D300972C1F /* UIView+Extension.swift */ = {isa = PBXFileReference; lastKnownFileType = sourcecode.swift; path = "UIView+Extension.swift"; sourceTree = "<group>"; };
		55977B6F2A92154000F4A736 /* PetStore.app */ = {isa = PBXFileReference; explicitFileType = wrapper.application; includeInIndex = 0; path = PetStore.app; sourceTree = BUILT_PRODUCTS_DIR; };
		55977B722A92154000F4A736 /* AppDelegate.swift */ = {isa = PBXFileReference; lastKnownFileType = sourcecode.swift; path = AppDelegate.swift; sourceTree = "<group>"; };
		55977B742A92154000F4A736 /* SceneDelegate.swift */ = {isa = PBXFileReference; lastKnownFileType = sourcecode.swift; path = SceneDelegate.swift; sourceTree = "<group>"; };
		55977B7B2A92154100F4A736 /* Assets.xcassets */ = {isa = PBXFileReference; lastKnownFileType = folder.assetcatalog; path = Assets.xcassets; sourceTree = "<group>"; };
		55977B7E2A92154100F4A736 /* Base */ = {isa = PBXFileReference; lastKnownFileType = file.storyboard; name = Base; path = Base.lproj/LaunchScreen.storyboard; sourceTree = "<group>"; };
		55977B802A92154100F4A736 /* Info.plist */ = {isa = PBXFileReference; lastKnownFileType = text.plist.xml; path = Info.plist; sourceTree = "<group>"; };
		55977B882A9215CD00F4A736 /* CoordinatorProtocol.swift */ = {isa = PBXFileReference; lastKnownFileType = sourcecode.swift; path = CoordinatorProtocol.swift; sourceTree = "<group>"; };
		55977B8A2A9215DA00F4A736 /* Coordinator.swift */ = {isa = PBXFileReference; lastKnownFileType = sourcecode.swift; path = Coordinator.swift; sourceTree = "<group>"; };
		55977B8E2A9216DE00F4A736 /* HttpClient.swift */ = {isa = PBXFileReference; lastKnownFileType = sourcecode.swift; path = HttpClient.swift; sourceTree = "<group>"; };
		55977B902A9216F600F4A736 /* Endpoint.swift */ = {isa = PBXFileReference; lastKnownFileType = sourcecode.swift; path = Endpoint.swift; sourceTree = "<group>"; };
		55977BA72A92478D00F4A736 /* PetStatus.swift */ = {isa = PBXFileReference; lastKnownFileType = sourcecode.swift; path = PetStatus.swift; sourceTree = "<group>"; };
		55977BA92A9247AE00F4A736 /* PetModel.swift */ = {isa = PBXFileReference; lastKnownFileType = sourcecode.swift; path = PetModel.swift; sourceTree = "<group>"; };
		55977BAD2A92481000F4A736 /* GetPetEndPoints.swift */ = {isa = PBXFileReference; lastKnownFileType = sourcecode.swift; path = GetPetEndPoints.swift; sourceTree = "<group>"; };
		55977BB12A924A9E00F4A736 /* BaseViewModel.swift */ = {isa = PBXFileReference; lastKnownFileType = sourcecode.swift; path = BaseViewModel.swift; sourceTree = "<group>"; };
		55977BB32A924AC300F4A736 /* BaseViewStates.swift */ = {isa = PBXFileReference; lastKnownFileType = sourcecode.swift; path = BaseViewStates.swift; sourceTree = "<group>"; };
/* End PBXFileReference section */

/* Begin PBXFrameworksBuildPhase section */
		55977B6C2A92154000F4A736 /* Frameworks */ = {
			isa = PBXFrameworksBuildPhase;
			buildActionMask = 2147483647;
			files = (
				5551095B2A92A29200972C1F /* Kingfisher in Frameworks */,
				55977B982A9217EC00F4A736 /* Alamofire in Frameworks */,
				555109562A929BB700972C1F /* SnapKit in Frameworks */,
			);
			runOnlyForDeploymentPostprocessing = 0;
		};
/* End PBXFrameworksBuildPhase section */

/* Begin PBXGroup section */
		555109352A926E5F00972C1F /* Views */ = {
			isa = PBXGroup;
			children = (
				555109512A9299E700972C1F /* Cells */,
				555109362A926E6400972C1F /* Screens */,
			);
			name = Views;
			sourceTree = "<group>";
		};
		555109362A926E6400972C1F /* Screens */ = {
			isa = PBXGroup;
			children = (
				5551093C2A92704800972C1F /* ProfileView */,
				5551093B2A92704200972C1F /* CartView */,
				5551093A2A92703C00972C1F /* HomeView */,
				555109372A926E6800972C1F /* Tabbar */,
			);
			name = Screens;
			sourceTree = "<group>";
		};
		555109372A926E6800972C1F /* Tabbar */ = {
			isa = PBXGroup;
			children = (
				555109382A926EA400972C1F /* TabBarController.swift */,
				555109432A92771600972C1F /* TabBarControllerBuilder.swift */,
			);
			name = Tabbar;
			sourceTree = "<group>";
		};
		5551093A2A92703C00972C1F /* HomeView */ = {
			isa = PBXGroup;
			children = (
				5551093D2A92705E00972C1F /* HomeViewController.swift */,
				555109492A92800200972C1F /* HomeViewControllerBuilder.swift */,
				5551094B2A9283D100972C1F /* HomeViewModel.swift */,
				5551094D2A9283DA00972C1F /* HomeViewState.swift */,
			);
			name = HomeView;
			sourceTree = "<group>";
		};
		5551093B2A92704200972C1F /* CartView */ = {
			isa = PBXGroup;
			children = (
				5551093F2A92706700972C1F /* CartViewController.swift */,
				555109472A927FE600972C1F /* CartViewControllerBuilder.swift */,
			);
			name = CartView;
			sourceTree = "<group>";
		};
		5551093C2A92704800972C1F /* ProfileView */ = {
			isa = PBXGroup;
			children = (
				555109412A92707200972C1F /* ProfileViewController.swift */,
				555109452A927FB900972C1F /* ProfileViewControllerBuilder.swift */,
			);
			name = ProfileView;
			sourceTree = "<group>";
		};
		555109512A9299E700972C1F /* Cells */ = {
			isa = PBXGroup;
			children = (
				5551095C2A92A88900972C1F /* PetsCollectionView */,
			);
			name = Cells;
			sourceTree = "<group>";
		};
		5551095C2A92A88900972C1F /* PetsCollectionView */ = {
			isa = PBXGroup;
			children = (
				555109572A92A04A00972C1F /* PetsCollectionViewCellItems.swift */,
				555109522A929A1C00972C1F /* PetsCollectionViewCell.swift */,
			);
			name = PetsCollectionView;
			sourceTree = "<group>";
		};
		55977B662A92154000F4A736 = {
			isa = PBXGroup;
			children = (
				55977B712A92154000F4A736 /* PetStore */,
				55977B702A92154000F4A736 /* Products */,
			);
			sourceTree = "<group>";
		};
		55977B702A92154000F4A736 /* Products */ = {
			isa = PBXGroup;
			children = (
				55977B6F2A92154000F4A736 /* PetStore.app */,
			);
			name = Products;
			sourceTree = "<group>";
		};
		55977B712A92154000F4A736 /* PetStore */ = {
			isa = PBXGroup;
			children = (
				555109352A926E5F00972C1F /* Views */,
				55977B9D2A9237EE00F4A736 /* Extesions */,
				55977B8C2A9216AD00F4A736 /* Service */,
				55977B872A9215B900F4A736 /* Coordinator */,
				55977B862A9215AB00F4A736 /* BaseFiles */,
				55977B7B2A92154100F4A736 /* Assets.xcassets */,
				55977B802A92154100F4A736 /* Info.plist */,
			);
			path = PetStore;
			sourceTree = "<group>";
		};
		55977B862A9215AB00F4A736 /* BaseFiles */ = {
			isa = PBXGroup;
			children = (
				55977BB02A924A9200F4A736 /* BaseViewModel */,
				55977BAF2A924A8700F4A736 /* Core */,
			);
			name = BaseFiles;
			sourceTree = "<group>";
		};
		55977B872A9215B900F4A736 /* Coordinator */ = {
			isa = PBXGroup;
			children = (
				55977B882A9215CD00F4A736 /* CoordinatorProtocol.swift */,
				55977B8A2A9215DA00F4A736 /* Coordinator.swift */,
			);
			name = Coordinator;
			sourceTree = "<group>";
		};
		55977B8C2A9216AD00F4A736 /* Service */ = {
			isa = PBXGroup;
			children = (
				55977BAC2A9247E500F4A736 /* EndPoints */,
				55977BAB2A9247BB00F4A736 /* Serviceables */,
				55977BA62A92478200F4A736 /* Models */,
				55977B8D2A9216CD00F4A736 /* Network */,
			);
			name = Service;
			sourceTree = "<group>";
		};
		55977B8D2A9216CD00F4A736 /* Network */ = {
			isa = PBXGroup;
			children = (
				55977B8E2A9216DE00F4A736 /* HttpClient.swift */,
				55977B902A9216F600F4A736 /* Endpoint.swift */,
			);
			name = Network;
			sourceTree = "<group>";
		};
		55977B9D2A9237EE00F4A736 /* Extesions */ = {
			isa = PBXGroup;
			children = (
				5551095F2A92B3D300972C1F /* UIView+Extension.swift */,
			);
			name = Extesions;
			sourceTree = "<group>";
		};
		55977BA62A92478200F4A736 /* Models */ = {
			isa = PBXGroup;
			children = (
				55977BA72A92478D00F4A736 /* PetStatus.swift */,
				55977BA92A9247AE00F4A736 /* PetModel.swift */,
			);
			name = Models;
			sourceTree = "<group>";
		};
		55977BAB2A9247BB00F4A736 /* Serviceables */ = {
			isa = PBXGroup;
			children = (
				5551094F2A92843B00972C1F /* HomeViewServiceable.swift */,
			);
			name = Serviceables;
			sourceTree = "<group>";
		};
		55977BAC2A9247E500F4A736 /* EndPoints */ = {
			isa = PBXGroup;
			children = (
				55977BAD2A92481000F4A736 /* GetPetEndPoints.swift */,
			);
			name = EndPoints;
			sourceTree = "<group>";
		};
		55977BAF2A924A8700F4A736 /* Core */ = {
			isa = PBXGroup;
			children = (
				55977B722A92154000F4A736 /* AppDelegate.swift */,
				55977B742A92154000F4A736 /* SceneDelegate.swift */,
				55977B7D2A92154100F4A736 /* LaunchScreen.storyboard */,
			);
			name = Core;
			sourceTree = "<group>";
		};
		55977BB02A924A9200F4A736 /* BaseViewModel */ = {
			isa = PBXGroup;
			children = (
				55977BB12A924A9E00F4A736 /* BaseViewModel.swift */,
				55977BB32A924AC300F4A736 /* BaseViewStates.swift */,
			);
			name = BaseViewModel;
			sourceTree = "<group>";
		};
/* End PBXGroup section */

/* Begin PBXNativeTarget section */
		55977B6E2A92154000F4A736 /* PetStore */ = {
			isa = PBXNativeTarget;
			buildConfigurationList = 55977B832A92154100F4A736 /* Build configuration list for PBXNativeTarget "PetStore" */;
			buildPhases = (
				55977B6B2A92154000F4A736 /* Sources */,
				55977B6C2A92154000F4A736 /* Frameworks */,
				55977B6D2A92154000F4A736 /* Resources */,
			);
			buildRules = (
			);
			dependencies = (
			);
			name = PetStore;
			packageProductDependencies = (
				55977B972A9217EC00F4A736 /* Alamofire */,
				555109552A929BB700972C1F /* SnapKit */,
				5551095A2A92A29200972C1F /* Kingfisher */,
			);
			productName = PetStore;
			productReference = 55977B6F2A92154000F4A736 /* PetStore.app */;
			productType = "com.apple.product-type.application";
		};
/* End PBXNativeTarget section */

/* Begin PBXProject section */
		55977B672A92154000F4A736 /* Project object */ = {
			isa = PBXProject;
			attributes = {
				BuildIndependentTargetsInParallel = 1;
				LastSwiftUpdateCheck = 1430;
				LastUpgradeCheck = 1430;
				TargetAttributes = {
					55977B6E2A92154000F4A736 = {
						CreatedOnToolsVersion = 14.3.1;
					};
				};
			};
			buildConfigurationList = 55977B6A2A92154000F4A736 /* Build configuration list for PBXProject "PetStore" */;
			compatibilityVersion = "Xcode 14.0";
			developmentRegion = en;
			hasScannedForEncodings = 0;
			knownRegions = (
				en,
				Base,
			);
			mainGroup = 55977B662A92154000F4A736;
			packageReferences = (
				55977B962A9217EC00F4A736 /* XCRemoteSwiftPackageReference "Alamofire" */,
				555109542A929BB700972C1F /* XCRemoteSwiftPackageReference "SnapKit" */,
				555109592A92A29200972C1F /* XCRemoteSwiftPackageReference "Kingfisher" */,
			);
			productRefGroup = 55977B702A92154000F4A736 /* Products */;
			projectDirPath = "";
			projectRoot = "";
			targets = (
				55977B6E2A92154000F4A736 /* PetStore */,
			);
		};
/* End PBXProject section */

/* Begin PBXResourcesBuildPhase section */
		55977B6D2A92154000F4A736 /* Resources */ = {
			isa = PBXResourcesBuildPhase;
			buildActionMask = 2147483647;
			files = (
				55977B7F2A92154100F4A736 /* LaunchScreen.storyboard in Resources */,
				55977B7C2A92154100F4A736 /* Assets.xcassets in Resources */,
			);
			runOnlyForDeploymentPostprocessing = 0;
		};
/* End PBXResourcesBuildPhase section */

/* Begin PBXSourcesBuildPhase section */
		55977B6B2A92154000F4A736 /* Sources */ = {
			isa = PBXSourcesBuildPhase;
			buildActionMask = 2147483647;
			files = (
				555109402A92706700972C1F /* CartViewController.swift in Sources */,
				55977B912A9216F600F4A736 /* Endpoint.swift in Sources */,
				55977BB42A924AC300F4A736 /* BaseViewStates.swift in Sources */,
				555109582A92A04A00972C1F /* PetsCollectionViewCellItems.swift in Sources */,
				555109602A92B3D300972C1F /* UIView+Extension.swift in Sources */,
				5551094E2A9283DA00972C1F /* HomeViewState.swift in Sources */,
				5551094C2A9283D100972C1F /* HomeViewModel.swift in Sources */,
				555109502A92843B00972C1F /* HomeViewServiceable.swift in Sources */,
				55977BB22A924A9E00F4A736 /* BaseViewModel.swift in Sources */,
				55977BA82A92478D00F4A736 /* PetStatus.swift in Sources */,
				555109482A927FE600972C1F /* CartViewControllerBuilder.swift in Sources */,
				555109422A92707200972C1F /* ProfileViewController.swift in Sources */,
				555109442A92771600972C1F /* TabBarControllerBuilder.swift in Sources */,
				5551094A2A92800200972C1F /* HomeViewControllerBuilder.swift in Sources */,
				555109462A927FB900972C1F /* ProfileViewControllerBuilder.swift in Sources */,
				5551093E2A92705E00972C1F /* HomeViewController.swift in Sources */,
				55977B732A92154000F4A736 /* AppDelegate.swift in Sources */,
				555109532A929A1C00972C1F /* PetsCollectionViewCell.swift in Sources */,
				555109392A926EA400972C1F /* TabBarController.swift in Sources */,
				55977B8B2A9215DA00F4A736 /* Coordinator.swift in Sources */,
				55977B892A9215CD00F4A736 /* CoordinatorProtocol.swift in Sources */,
				55977B8F2A9216DE00F4A736 /* HttpClient.swift in Sources */,
				55977BAE2A92481000F4A736 /* GetPetEndPoints.swift in Sources */,
				55977B752A92154000F4A736 /* SceneDelegate.swift in Sources */,
				55977BAA2A9247AE00F4A736 /* PetModel.swift in Sources */,
			);
			runOnlyForDeploymentPostprocessing = 0;
		};
/* End PBXSourcesBuildPhase section */

/* Begin PBXVariantGroup section */
		55977B7D2A92154100F4A736 /* LaunchScreen.storyboard */ = {
			isa = PBXVariantGroup;
			children = (
				55977B7E2A92154100F4A736 /* Base */,
			);
			name = LaunchScreen.storyboard;
			sourceTree = "<group>";
		};
/* End PBXVariantGroup section */

/* Begin XCBuildConfiguration section */
		55977B812A92154100F4A736 /* Debug */ = {
			isa = XCBuildConfiguration;
			buildSettings = {
				ALWAYS_SEARCH_USER_PATHS = NO;
				CLANG_ANALYZER_NONNULL = YES;
				CLANG_ANALYZER_NUMBER_OBJECT_CONVERSION = YES_AGGRESSIVE;
				CLANG_CXX_LANGUAGE_STANDARD = "gnu++20";
				CLANG_ENABLE_MODULES = YES;
				CLANG_ENABLE_OBJC_ARC = YES;
				CLANG_ENABLE_OBJC_WEAK = YES;
				CLANG_WARN_BLOCK_CAPTURE_AUTORELEASING = YES;
				CLANG_WARN_BOOL_CONVERSION = YES;
				CLANG_WARN_COMMA = YES;
				CLANG_WARN_CONSTANT_CONVERSION = YES;
				CLANG_WARN_DEPRECATED_OBJC_IMPLEMENTATIONS = YES;
				CLANG_WARN_DIRECT_OBJC_ISA_USAGE = YES_ERROR;
				CLANG_WARN_DOCUMENTATION_COMMENTS = YES;
				CLANG_WARN_EMPTY_BODY = YES;
				CLANG_WARN_ENUM_CONVERSION = YES;
				CLANG_WARN_INFINITE_RECURSION = YES;
				CLANG_WARN_INT_CONVERSION = YES;
				CLANG_WARN_NON_LITERAL_NULL_CONVERSION = YES;
				CLANG_WARN_OBJC_IMPLICIT_RETAIN_SELF = YES;
				CLANG_WARN_OBJC_LITERAL_CONVERSION = YES;
				CLANG_WARN_OBJC_ROOT_CLASS = YES_ERROR;
				CLANG_WARN_QUOTED_INCLUDE_IN_FRAMEWORK_HEADER = YES;
				CLANG_WARN_RANGE_LOOP_ANALYSIS = YES;
				CLANG_WARN_STRICT_PROTOTYPES = YES;
				CLANG_WARN_SUSPICIOUS_MOVE = YES;
				CLANG_WARN_UNGUARDED_AVAILABILITY = YES_AGGRESSIVE;
				CLANG_WARN_UNREACHABLE_CODE = YES;
				CLANG_WARN__DUPLICATE_METHOD_MATCH = YES;
				COPY_PHASE_STRIP = NO;
				DEBUG_INFORMATION_FORMAT = dwarf;
				ENABLE_STRICT_OBJC_MSGSEND = YES;
				ENABLE_TESTABILITY = YES;
				GCC_C_LANGUAGE_STANDARD = gnu11;
				GCC_DYNAMIC_NO_PIC = NO;
				GCC_NO_COMMON_BLOCKS = YES;
				GCC_OPTIMIZATION_LEVEL = 0;
				GCC_PREPROCESSOR_DEFINITIONS = (
					"DEBUG=1",
					"$(inherited)",
				);
				GCC_WARN_64_TO_32_BIT_CONVERSION = YES;
				GCC_WARN_ABOUT_RETURN_TYPE = YES_ERROR;
				GCC_WARN_UNDECLARED_SELECTOR = YES;
				GCC_WARN_UNINITIALIZED_AUTOS = YES_AGGRESSIVE;
				GCC_WARN_UNUSED_FUNCTION = YES;
				GCC_WARN_UNUSED_VARIABLE = YES;
				IPHONEOS_DEPLOYMENT_TARGET = 15.5;
				MTL_ENABLE_DEBUG_INFO = INCLUDE_SOURCE;
				MTL_FAST_MATH = YES;
				ONLY_ACTIVE_ARCH = YES;
				SDKROOT = iphoneos;
				SWIFT_ACTIVE_COMPILATION_CONDITIONS = DEBUG;
				SWIFT_OPTIMIZATION_LEVEL = "-Onone";
			};
			name = Debug;
		};
		55977B822A92154100F4A736 /* Release */ = {
			isa = XCBuildConfiguration;
			buildSettings = {
				ALWAYS_SEARCH_USER_PATHS = NO;
				CLANG_ANALYZER_NONNULL = YES;
				CLANG_ANALYZER_NUMBER_OBJECT_CONVERSION = YES_AGGRESSIVE;
				CLANG_CXX_LANGUAGE_STANDARD = "gnu++20";
				CLANG_ENABLE_MODULES = YES;
				CLANG_ENABLE_OBJC_ARC = YES;
				CLANG_ENABLE_OBJC_WEAK = YES;
				CLANG_WARN_BLOCK_CAPTURE_AUTORELEASING = YES;
				CLANG_WARN_BOOL_CONVERSION = YES;
				CLANG_WARN_COMMA = YES;
				CLANG_WARN_CONSTANT_CONVERSION = YES;
				CLANG_WARN_DEPRECATED_OBJC_IMPLEMENTATIONS = YES;
				CLANG_WARN_DIRECT_OBJC_ISA_USAGE = YES_ERROR;
				CLANG_WARN_DOCUMENTATION_COMMENTS = YES;
				CLANG_WARN_EMPTY_BODY = YES;
				CLANG_WARN_ENUM_CONVERSION = YES;
				CLANG_WARN_INFINITE_RECURSION = YES;
				CLANG_WARN_INT_CONVERSION = YES;
				CLANG_WARN_NON_LITERAL_NULL_CONVERSION = YES;
				CLANG_WARN_OBJC_IMPLICIT_RETAIN_SELF = YES;
				CLANG_WARN_OBJC_LITERAL_CONVERSION = YES;
				CLANG_WARN_OBJC_ROOT_CLASS = YES_ERROR;
				CLANG_WARN_QUOTED_INCLUDE_IN_FRAMEWORK_HEADER = YES;
				CLANG_WARN_RANGE_LOOP_ANALYSIS = YES;
				CLANG_WARN_STRICT_PROTOTYPES = YES;
				CLANG_WARN_SUSPICIOUS_MOVE = YES;
				CLANG_WARN_UNGUARDED_AVAILABILITY = YES_AGGRESSIVE;
				CLANG_WARN_UNREACHABLE_CODE = YES;
				CLANG_WARN__DUPLICATE_METHOD_MATCH = YES;
				COPY_PHASE_STRIP = NO;
				DEBUG_INFORMATION_FORMAT = "dwarf-with-dsym";
				ENABLE_NS_ASSERTIONS = NO;
				ENABLE_STRICT_OBJC_MSGSEND = YES;
				GCC_C_LANGUAGE_STANDARD = gnu11;
				GCC_NO_COMMON_BLOCKS = YES;
				GCC_WARN_64_TO_32_BIT_CONVERSION = YES;
				GCC_WARN_ABOUT_RETURN_TYPE = YES_ERROR;
				GCC_WARN_UNDECLARED_SELECTOR = YES;
				GCC_WARN_UNINITIALIZED_AUTOS = YES_AGGRESSIVE;
				GCC_WARN_UNUSED_FUNCTION = YES;
				GCC_WARN_UNUSED_VARIABLE = YES;
				IPHONEOS_DEPLOYMENT_TARGET = 15.5;
				MTL_ENABLE_DEBUG_INFO = NO;
				MTL_FAST_MATH = YES;
				SDKROOT = iphoneos;
				SWIFT_COMPILATION_MODE = wholemodule;
				SWIFT_OPTIMIZATION_LEVEL = "-O";
				VALIDATE_PRODUCT = YES;
			};
			name = Release;
		};
		55977B842A92154100F4A736 /* Debug */ = {
			isa = XCBuildConfiguration;
			buildSettings = {
				ASSETCATALOG_COMPILER_APPICON_NAME = AppIcon;
				ASSETCATALOG_COMPILER_GLOBAL_ACCENT_COLOR_NAME = AccentColor;
				CODE_SIGN_STYLE = Automatic;
				CURRENT_PROJECT_VERSION = 1;
				DEVELOPMENT_TEAM = UTN2596CAS;
				GENERATE_INFOPLIST_FILE = YES;
				INFOPLIST_FILE = PetStore/Info.plist;
				INFOPLIST_KEY_UIApplicationSupportsIndirectInputEvents = YES;
				INFOPLIST_KEY_UILaunchStoryboardName = LaunchScreen;
				INFOPLIST_KEY_UISupportedInterfaceOrientations = UIInterfaceOrientationPortrait;
				LD_RUNPATH_SEARCH_PATHS = (
					"$(inherited)",
					"@executable_path/Frameworks",
				);
				MARKETING_VERSION = 1.0;
				PRODUCT_BUNDLE_IDENTIFIER = brsrld.PetStore;
				PRODUCT_NAME = "$(TARGET_NAME)";
				SUPPORTED_PLATFORMS = "iphoneos iphonesimulator";
				SUPPORTS_MACCATALYST = NO;
				SUPPORTS_MAC_DESIGNED_FOR_IPHONE_IPAD = NO;
				SWIFT_EMIT_LOC_STRINGS = YES;
				SWIFT_VERSION = 5.0;
				TARGETED_DEVICE_FAMILY = 1;
			};
			name = Debug;
		};
		55977B852A92154100F4A736 /* Release */ = {
			isa = XCBuildConfiguration;
			buildSettings = {
				ASSETCATALOG_COMPILER_APPICON_NAME = AppIcon;
				ASSETCATALOG_COMPILER_GLOBAL_ACCENT_COLOR_NAME = AccentColor;
				CODE_SIGN_STYLE = Automatic;
				CURRENT_PROJECT_VERSION = 1;
				DEVELOPMENT_TEAM = UTN2596CAS;
				GENERATE_INFOPLIST_FILE = YES;
				INFOPLIST_FILE = PetStore/Info.plist;
				INFOPLIST_KEY_UIApplicationSupportsIndirectInputEvents = YES;
				INFOPLIST_KEY_UILaunchStoryboardName = LaunchScreen;
				INFOPLIST_KEY_UISupportedInterfaceOrientations = UIInterfaceOrientationPortrait;
				LD_RUNPATH_SEARCH_PATHS = (
					"$(inherited)",
					"@executable_path/Frameworks",
				);
				MARKETING_VERSION = 1.0;
				PRODUCT_BUNDLE_IDENTIFIER = brsrld.PetStore;
				PRODUCT_NAME = "$(TARGET_NAME)";
				SUPPORTED_PLATFORMS = "iphoneos iphonesimulator";
				SUPPORTS_MACCATALYST = NO;
				SUPPORTS_MAC_DESIGNED_FOR_IPHONE_IPAD = NO;
				SWIFT_EMIT_LOC_STRINGS = YES;
				SWIFT_VERSION = 5.0;
				TARGETED_DEVICE_FAMILY = 1;
			};
			name = Release;
		};
/* End XCBuildConfiguration section */

/* Begin XCConfigurationList section */
		55977B6A2A92154000F4A736 /* Build configuration list for PBXProject "PetStore" */ = {
			isa = XCConfigurationList;
			buildConfigurations = (
				55977B812A92154100F4A736 /* Debug */,
				55977B822A92154100F4A736 /* Release */,
			);
			defaultConfigurationIsVisible = 0;
			defaultConfigurationName = Release;
		};
		55977B832A92154100F4A736 /* Build configuration list for PBXNativeTarget "PetStore" */ = {
			isa = XCConfigurationList;
			buildConfigurations = (
				55977B842A92154100F4A736 /* Debug */,
				55977B852A92154100F4A736 /* Release */,
			);
			defaultConfigurationIsVisible = 0;
			defaultConfigurationName = Release;
		};
/* End XCConfigurationList section */

/* Begin XCRemoteSwiftPackageReference section */
		555109542A929BB700972C1F /* XCRemoteSwiftPackageReference "SnapKit" */ = {
			isa = XCRemoteSwiftPackageReference;
			repositoryURL = "https://github.com/SnapKit/SnapKit";
			requirement = {
				kind = upToNextMajorVersion;
				minimumVersion = 5.0.0;
			};
		};
		555109592A92A29200972C1F /* XCRemoteSwiftPackageReference "Kingfisher" */ = {
			isa = XCRemoteSwiftPackageReference;
			repositoryURL = "https://github.com/onevcat/Kingfisher";
			requirement = {
				kind = upToNextMajorVersion;
				minimumVersion = 7.0.0;
			};
		};
		55977B962A9217EC00F4A736 /* XCRemoteSwiftPackageReference "Alamofire" */ = {
			isa = XCRemoteSwiftPackageReference;
			repositoryURL = "https://github.com/Alamofire/Alamofire";
			requirement = {
				kind = upToNextMajorVersion;
				minimumVersion = 5.0.0;
			};
		};
/* End XCRemoteSwiftPackageReference section */

/* Begin XCSwiftPackageProductDependency section */
		555109552A929BB700972C1F /* SnapKit */ = {
			isa = XCSwiftPackageProductDependency;
			package = 555109542A929BB700972C1F /* XCRemoteSwiftPackageReference "SnapKit" */;
			productName = SnapKit;
		};
		5551095A2A92A29200972C1F /* Kingfisher */ = {
			isa = XCSwiftPackageProductDependency;
			package = 555109592A92A29200972C1F /* XCRemoteSwiftPackageReference "Kingfisher" */;
			productName = Kingfisher;
		};
		55977B972A9217EC00F4A736 /* Alamofire */ = {
			isa = XCSwiftPackageProductDependency;
			package = 55977B962A9217EC00F4A736 /* XCRemoteSwiftPackageReference "Alamofire" */;
			productName = Alamofire;
		};
/* End XCSwiftPackageProductDependency section */
	};
	rootObject = 55977B672A92154000F4A736 /* Project object */;
}
